
Microsoft Visual Studio Solution File, Format Version 12.00
# Visual Studio Version 16
VisualStudioVersion = 16.0.29215.179
MinimumVisualStudioVersion = 10.0.40219.1
Project("{FAE04EC0-301F-11D3-BF4B-00C04F79EFBC}") = "Hoarau_boutik", "Hoarau_boutik\Hoarau_boutik.csproj", "{D1AF59AE-FED2-4338-9975-37FD19540921}"
EndProject
Global
	GlobalSection(SolutionConfigurationPlatforms) = preSolution
		Debug|Any CPU = Debug|Any CPU
		Release|Any CPU = Release|Any CPU
	EndGlobalSection
	GlobalSection(ProjectConfigurationPlatforms) = postSolution
		{D1AF59AE-FED2-4338-9975-37FD19540921}.Debug|Any CPU.ActiveCfg = Debug|Any CPU
		{D1AF59AE-FED2-4338-9975-37FD19540921}.Debug|Any CPU.Build.0 = Debug|Any CPU
		{D1AF59AE-FED2-4338-9975-37FD19540921}.Release|Any CPU.ActiveCfg = Release|Any CPU
		{D1AF59AE-FED2-4338-9975-37FD19540921}.Release|Any CPU.Build.0 = Release|Any CPU
	EndGlobalSection
	GlobalSection(SolutionProperties) = preSolution
		HideSolutionNode = FALSE
	EndGlobalSection
	GlobalSection(ExtensibilityGlobals) = postSolution
		SolutionGuid = {5A0EFCE1-6B51-4B11-876A-81F0646A51A8}
	EndGlobalSection
EndGlobal
